
Microsoft Visual Studio Solution File, Format Version 12.00
# Visual Studio Version 16
VisualStudioVersion = 16.0.32106.194
MinimumVisualStudioVersion = 10.0.40219.1
Project("{9A19103F-16F7-4668-BE54-9A1E7A4F7556}") = "msShop", "..\src\web\msShop.csproj", "{9679B978-09FB-4FAC-9377-FBF03CC50695}"
EndProject
Project("{2150E333-8FDC-42A3-9474-1A3956D46DE8}") = "src", "src", "{6EB2AB08-5B74-40DC-80B6-17171BB0F186}"
EndProject
Project("{2150E333-8FDC-42A3-9474-1A3956D46DE8}") = "Services", "Services", "{7C6A137E-CC7B-48BE-AFAC-ABA818A934E0}"
EndProject
Project("{2150E333-8FDC-42A3-9474-1A3956D46DE8}") = "Building Blocks", "Building Blocks", "{CB4A1DEF-7317-4972-9AEF-B931E907E039}"
EndProject
Project("{2150E333-8FDC-42A3-9474-1A3956D46DE8}") = "Identidade", "Identidade", "{F0DF1C30-2D41-47E8-9C91-34D9620B71DF}"
EndProject
Project("{9A19103F-16F7-4668-BE54-9A1E7A4F7556}") = "msShop.Identidade.API", "..\src\services\msShop.Identidade.API\msShop.Identidade.API.csproj", "{01B3D53B-7038-4ADB-8636-0633934C33A9}"
EndProject
Project("{2150E333-8FDC-42A3-9474-1A3956D46DE8}") = "Services", "Services", "{87986FE7-A862-4B39-9247-FD4718A844C1}"
EndProject
Project("{2150E333-8FDC-42A3-9474-1A3956D46DE8}") = "Core", "Core", "{2CD4BF1A-C5A9-43FD-AB3F-DC280BCF3037}"
EndProject
Project("{FAE04EC0-301F-11D3-BF4B-00C04F79EFBC}") = "mShop.WEbApi.Core", "..\src\building blocks\mShop.WEbApi.Core\mShop.WEbApi.Core.csproj", "{C9E253E6-E6A7-4900-A845-1F0AA4BFECE8}"
EndProject
Project("{FAE04EC0-301F-11D3-BF4B-00C04F79EFBC}") = "mShop.Core", "..\src\building blocks\mShop.Core\mShop.Core.csproj", "{F6E209E1-1A38-4344-B556-47A26233F92A}"
EndProject
Project("{2150E333-8FDC-42A3-9474-1A3956D46DE8}") = "MessageBus", "MessageBus", "{90EFB3D7-EB0F-404A-966D-34E796EA2E22}"
EndProject
Project("{FAE04EC0-301F-11D3-BF4B-00C04F79EFBC}") = "mShop.MessageBus", "..\src\building blocks\mShop.MessageBus\mShop.MessageBus.csproj", "{FA1778B0-052B-46D4-AB64-01553011C101}"
EndProject
Global
	GlobalSection(SolutionConfigurationPlatforms) = preSolution
		Debug|Any CPU = Debug|Any CPU
		Release|Any CPU = Release|Any CPU
	EndGlobalSection
	GlobalSection(ProjectConfigurationPlatforms) = postSolution
		{9679B978-09FB-4FAC-9377-FBF03CC50695}.Debug|Any CPU.ActiveCfg = Debug|Any CPU
		{9679B978-09FB-4FAC-9377-FBF03CC50695}.Debug|Any CPU.Build.0 = Debug|Any CPU
		{9679B978-09FB-4FAC-9377-FBF03CC50695}.Release|Any CPU.ActiveCfg = Release|Any CPU
		{9679B978-09FB-4FAC-9377-FBF03CC50695}.Release|Any CPU.Build.0 = Release|Any CPU
		{01B3D53B-7038-4ADB-8636-0633934C33A9}.Debug|Any CPU.ActiveCfg = Debug|Any CPU
		{01B3D53B-7038-4ADB-8636-0633934C33A9}.Debug|Any CPU.Build.0 = Debug|Any CPU
		{01B3D53B-7038-4ADB-8636-0633934C33A9}.Release|Any CPU.ActiveCfg = Release|Any CPU
		{01B3D53B-7038-4ADB-8636-0633934C33A9}.Release|Any CPU.Build.0 = Release|Any CPU
		{C9E253E6-E6A7-4900-A845-1F0AA4BFECE8}.Debug|Any CPU.ActiveCfg = Debug|Any CPU
		{C9E253E6-E6A7-4900-A845-1F0AA4BFECE8}.Debug|Any CPU.Build.0 = Debug|Any CPU
		{C9E253E6-E6A7-4900-A845-1F0AA4BFECE8}.Release|Any CPU.ActiveCfg = Release|Any CPU
		{C9E253E6-E6A7-4900-A845-1F0AA4BFECE8}.Release|Any CPU.Build.0 = Release|Any CPU
		{F6E209E1-1A38-4344-B556-47A26233F92A}.Debug|Any CPU.ActiveCfg = Debug|Any CPU
		{F6E209E1-1A38-4344-B556-47A26233F92A}.Debug|Any CPU.Build.0 = Debug|Any CPU
		{F6E209E1-1A38-4344-B556-47A26233F92A}.Release|Any CPU.ActiveCfg = Release|Any CPU
		{F6E209E1-1A38-4344-B556-47A26233F92A}.Release|Any CPU.Build.0 = Release|Any CPU
		{FA1778B0-052B-46D4-AB64-01553011C101}.Debug|Any CPU.ActiveCfg = Debug|Any CPU
		{FA1778B0-052B-46D4-AB64-01553011C101}.Debug|Any CPU.Build.0 = Debug|Any CPU
		{FA1778B0-052B-46D4-AB64-01553011C101}.Release|Any CPU.ActiveCfg = Release|Any CPU
		{FA1778B0-052B-46D4-AB64-01553011C101}.Release|Any CPU.Build.0 = Release|Any CPU
	EndGlobalSection
	GlobalSection(SolutionProperties) = preSolution
		HideSolutionNode = FALSE
	EndGlobalSection
	GlobalSection(NestedProjects) = preSolution
		{7C6A137E-CC7B-48BE-AFAC-ABA818A934E0} = {6EB2AB08-5B74-40DC-80B6-17171BB0F186}
		{CB4A1DEF-7317-4972-9AEF-B931E907E039} = {6EB2AB08-5B74-40DC-80B6-17171BB0F186}
		{F0DF1C30-2D41-47E8-9C91-34D9620B71DF} = {7C6A137E-CC7B-48BE-AFAC-ABA818A934E0}
		{01B3D53B-7038-4ADB-8636-0633934C33A9} = {F0DF1C30-2D41-47E8-9C91-34D9620B71DF}
		{87986FE7-A862-4B39-9247-FD4718A844C1} = {CB4A1DEF-7317-4972-9AEF-B931E907E039}
		{2CD4BF1A-C5A9-43FD-AB3F-DC280BCF3037} = {CB4A1DEF-7317-4972-9AEF-B931E907E039}
		{C9E253E6-E6A7-4900-A845-1F0AA4BFECE8} = {87986FE7-A862-4B39-9247-FD4718A844C1}
		{F6E209E1-1A38-4344-B556-47A26233F92A} = {2CD4BF1A-C5A9-43FD-AB3F-DC280BCF3037}
		{90EFB3D7-EB0F-404A-966D-34E796EA2E22} = {CB4A1DEF-7317-4972-9AEF-B931E907E039}
		{FA1778B0-052B-46D4-AB64-01553011C101} = {90EFB3D7-EB0F-404A-966D-34E796EA2E22}
	EndGlobalSection
	GlobalSection(ExtensibilityGlobals) = postSolution
		SolutionGuid = {6D67290D-64FF-4B02-81F8-EC5728CFD82A}
	EndGlobalSection
EndGlobal
